
Microsoft Visual Studio Solution File, Format Version 12.00
# Visual Studio 15
VisualStudioVersion = 15.0.28307.572
MinimumVisualStudioVersion = 10.0.40219.1
Project("{9A19103F-16F7-4668-BE54-9A1E7A4F7556}") = "CartApi", "CartApi\CartApi.csproj", "{FB67192E-6F62-455C-B6B7-D3A06B0B1E54}"
EndProject
Global
	GlobalSection(SolutionConfigurationPlatforms) = preSolution
		Debug|Any CPU = Debug|Any CPU
		Release|Any CPU = Release|Any CPU
	EndGlobalSection
	GlobalSection(ProjectConfigurationPlatforms) = postSolution
		{FB67192E-6F62-455C-B6B7-D3A06B0B1E54}.Debug|Any CPU.ActiveCfg = Debug|Any CPU
		{FB67192E-6F62-455C-B6B7-D3A06B0B1E54}.Debug|Any CPU.Build.0 = Debug|Any CPU
		{FB67192E-6F62-455C-B6B7-D3A06B0B1E54}.Release|Any CPU.ActiveCfg = Release|Any CPU
		{FB67192E-6F62-455C-B6B7-D3A06B0B1E54}.Release|Any CPU.Build.0 = Release|Any CPU
	EndGlobalSection
	GlobalSection(SolutionProperties) = preSolution
		HideSolutionNode = FALSE
	EndGlobalSection
	GlobalSection(ExtensibilityGlobals) = postSolution
		SolutionGuid = {8423BB0E-943E-436D-B713-E6AF56EAEAE9}
	EndGlobalSection
EndGlobal
